
Microsoft Visual Studio Solution File, Format Version 12.00
# Visual Studio Version 17
VisualStudioVersion = 17.11.35431.28
MinimumVisualStudioVersion = 10.0.40219.1
Project("{FAE04EC0-301F-11D3-BF4B-00C04F79EFBC}") = "01_MainSubjects", "01_MainSubjects\01_MainSubjects.csproj", "{3558484B-C1EB-4F8D-A132-E35A238D2E3C}"
EndProject
Project("{FAE04EC0-301F-11D3-BF4B-00C04F79EFBC}") = "02_Variables", "02_Variables\02_Variables.csproj", "{B961A9EF-431D-48EF-8949-C65DA2EB832C}"
EndProject
Global
	GlobalSection(SolutionConfigurationPlatforms) = preSolution
		Debug|Any CPU = Debug|Any CPU
		Release|Any CPU = Release|Any CPU
	EndGlobalSection
	GlobalSection(ProjectConfigurationPlatforms) = postSolution
		{3558484B-C1EB-4F8D-A132-E35A238D2E3C}.Debug|Any CPU.ActiveCfg = Debug|Any CPU
		{3558484B-C1EB-4F8D-A132-E35A238D2E3C}.Debug|Any CPU.Build.0 = Debug|Any CPU
		{3558484B-C1EB-4F8D-A132-E35A238D2E3C}.Release|Any CPU.ActiveCfg = Release|Any CPU
		{3558484B-C1EB-4F8D-A132-E35A238D2E3C}.Release|Any CPU.Build.0 = Release|Any CPU
		{B961A9EF-431D-48EF-8949-C65DA2EB832C}.Debug|Any CPU.ActiveCfg = Debug|Any CPU
		{B961A9EF-431D-48EF-8949-C65DA2EB832C}.Debug|Any CPU.Build.0 = Debug|Any CPU
		{B961A9EF-431D-48EF-8949-C65DA2EB832C}.Release|Any CPU.ActiveCfg = Release|Any CPU
		{B961A9EF-431D-48EF-8949-C65DA2EB832C}.Release|Any CPU.Build.0 = Release|Any CPU
	EndGlobalSection
	GlobalSection(SolutionProperties) = preSolution
		HideSolutionNode = FALSE
	EndGlobalSection
	GlobalSection(ExtensibilityGlobals) = postSolution
		SolutionGuid = {553C41AF-D515-478D-9AF1-86E013751B30}
	EndGlobalSection
EndGlobal
